{
  "name": "leptos",
  "lockfileVersion": 3,
  "requires": true,
  "packages": {
    "": {
      "devDependencies": {
        "@catppuccin/tailwindcss": "^1.0.0-beta.1",
        "tailwindcss": "^4.1.6"
      }
    },
    "node_modules/@catppuccin/tailwindcss": {
      "version": "1.0.0-beta.1",
      "resolved": "https://registry.npmjs.org/@catppuccin/tailwindcss/-/tailwindcss-1.0.0-beta.1.tgz",
      "integrity": "sha512-+mnOXw8JAT0Kz+KDi0dMM16YJMTC+N0yTzOU5n3b3ibUQFv4DQTVPYAx+P7iKfSwG+5w4gZ4+kupQQHKkcXnFg==",
      "dev": true,
      "license": "MIT",
      "engines": {
        "node": ">=22.0.0"
      }
    },
    "node_modules/tailwindcss": {
      "version": "4.1.6",
      "resolved": "https://registry.npmjs.org/tailwindcss/-/tailwindcss-4.1.6.tgz",
      "integrity": "sha512-j0cGLTreM6u4OWzBeLBpycK0WIh8w7kSwcUsQZoGLHZ7xDTdM69lN64AgoIEEwFi0tnhs4wSykUa5YWxAzgFYg==",
      "dev": true,
      "license": "MIT"
    }
  }
}
